
Microsoft Visual Studio Solution File, Format Version 12.00
# Visual Studio 14
VisualStudioVersion = 14.0.25123.0
MinimumVisualStudioVersion = 10.0.40219.1
Project("{FAE04EC0-301F-11D3-BF4B-00C04F79EFBC}") = "PUPiMed", "PUPiMed\PUPiMed.csproj", "{2F74FB65-366C-4BE6-BC52-D330082C0825}"
EndProject
Project("{54435603-DBB4-11D2-8724-00A0C9A8B90C}") = "PUPiMed Setup", "PUPiMed Setup\PUPiMed Setup.vdproj", "{86F22090-9E52-426F-975C-98C735D8FE73}"
EndProject
Global
	GlobalSection(SolutionConfigurationPlatforms) = preSolution
		Debug|Any CPU = Debug|Any CPU
		Debug|x64 = Debug|x64
		Release|Any CPU = Release|Any CPU
		Release|x64 = Release|x64
	EndGlobalSection
	GlobalSection(ProjectConfigurationPlatforms) = postSolution
		{2F74FB65-366C-4BE6-BC52-D330082C0825}.Debug|Any CPU.ActiveCfg = Debug|Any CPU
		{2F74FB65-366C-4BE6-BC52-D330082C0825}.Debug|Any CPU.Build.0 = Debug|Any CPU
		{2F74FB65-366C-4BE6-BC52-D330082C0825}.Debug|x64.ActiveCfg = Debug|x64
		{2F74FB65-366C-4BE6-BC52-D330082C0825}.Debug|x64.Build.0 = Debug|x64
		{2F74FB65-366C-4BE6-BC52-D330082C0825}.Release|Any CPU.ActiveCfg = Release|Any CPU
		{2F74FB65-366C-4BE6-BC52-D330082C0825}.Release|Any CPU.Build.0 = Release|Any CPU
		{2F74FB65-366C-4BE6-BC52-D330082C0825}.Release|x64.ActiveCfg = Release|x64
		{2F74FB65-366C-4BE6-BC52-D330082C0825}.Release|x64.Build.0 = Release|x64
		{86F22090-9E52-426F-975C-98C735D8FE73}.Debug|Any CPU.ActiveCfg = Debug
		{86F22090-9E52-426F-975C-98C735D8FE73}.Debug|x64.ActiveCfg = Debug
		{86F22090-9E52-426F-975C-98C735D8FE73}.Release|Any CPU.ActiveCfg = Release
		{86F22090-9E52-426F-975C-98C735D8FE73}.Release|x64.ActiveCfg = Release
	EndGlobalSection
	GlobalSection(SolutionProperties) = preSolution
		HideSolutionNode = FALSE
	EndGlobalSection
EndGlobal
